
Microsoft Visual Studio Solution File, Format Version 12.00
# Visual Studio Version 17
VisualStudioVersion = 17.2.32616.157
MinimumVisualStudioVersion = 10.0.40219.1
Project("{FAE04EC0-301F-11D3-BF4B-00C04F79EFBC}") = "Day13_GenericProblem", "Day13_GenericProblem.csproj", "{72632607-0B0B-48ED-AF5E-B3708929EC80}"
EndProject
Global
	GlobalSection(SolutionConfigurationPlatforms) = preSolution
		Debug|Any CPU = Debug|Any CPU
		Release|Any CPU = Release|Any CPU
	EndGlobalSection
	GlobalSection(ProjectConfigurationPlatforms) = postSolution
		{72632607-0B0B-48ED-AF5E-B3708929EC80}.Debug|Any CPU.ActiveCfg = Debug|Any CPU
		{72632607-0B0B-48ED-AF5E-B3708929EC80}.Debug|Any CPU.Build.0 = Debug|Any CPU
		{72632607-0B0B-48ED-AF5E-B3708929EC80}.Release|Any CPU.ActiveCfg = Release|Any CPU
		{72632607-0B0B-48ED-AF5E-B3708929EC80}.Release|Any CPU.Build.0 = Release|Any CPU
	EndGlobalSection
	GlobalSection(SolutionProperties) = preSolution
		HideSolutionNode = FALSE
	EndGlobalSection
	GlobalSection(ExtensibilityGlobals) = postSolution
		SolutionGuid = {5BD99160-2FC6-4117-941F-85F279D6A955}
	EndGlobalSection
EndGlobal
